github.com/cdvelop/model v0.0.72 h1:DfVB6LN+3NPGyzHRLQ33dlphkmf7H7ZI7qC3BibumTY=
github.com/cdvelop/model v0.0.72/go.mod h1:I6yAOMHK0RqXT9EVHZ7Yd2sqSG/T15HfYO0xjQYKJQs=
github.com/cdvelop/strings v0.0.7 h1:QNgHE+qUE37jRrJbD7lR2/T9Qb/2QezyqjZyD+qYQL0=
github.com/cdvelop/strings v0.0.7/go.mod h1:zNexDeXHRETbMmlmNThQeM7ksRsvzrphsCfwuSxaURk=
